
Microsoft Visual Studio Solution File, Format Version 12.00
# Visual Studio 15
VisualStudioVersion = 15.0.28307.106
MinimumVisualStudioVersion = 10.0.40219.1
Project("{FAE04EC0-301F-11D3-BF4B-00C04F79EFBC}") = "QMSNov25", "QMSNov25\QMSNov25.csproj", "{29A50771-B81F-4204-AE4B-0D15174E4983}"
EndProject
Global
	GlobalSection(SolutionConfigurationPlatforms) = preSolution
		Debug|Any CPU = Debug|Any CPU
		Release|Any CPU = Release|Any CPU
	EndGlobalSection
	GlobalSection(ProjectConfigurationPlatforms) = postSolution
		{29A50771-B81F-4204-AE4B-0D15174E4983}.Debug|Any CPU.ActiveCfg = Debug|Any CPU
		{29A50771-B81F-4204-AE4B-0D15174E4983}.Debug|Any CPU.Build.0 = Debug|Any CPU
		{29A50771-B81F-4204-AE4B-0D15174E4983}.Release|Any CPU.ActiveCfg = Release|Any CPU
		{29A50771-B81F-4204-AE4B-0D15174E4983}.Release|Any CPU.Build.0 = Release|Any CPU
	EndGlobalSection
	GlobalSection(SolutionProperties) = preSolution
		HideSolutionNode = FALSE
	EndGlobalSection
	GlobalSection(ExtensibilityGlobals) = postSolution
		SolutionGuid = {F8008CE2-9CE3-45D7-A900-3A7A6EC7949E}
	EndGlobalSection
EndGlobal
